
Microsoft Visual Studio Solution File, Format Version 12.00
# Visual Studio Version 17
VisualStudioVersion = 17.14.36203.30
MinimumVisualStudioVersion = 10.0.40219.1
Project("{2150E333-8FDC-42A3-9474-1A3956D46DE8}") = "tests", "tests", "{0AB3BF05-4346-4AA6-1389-037BE0695223}"
EndProject
Project("{FAE04EC0-301F-11D3-BF4B-00C04F79EFBC}") = "Saucedemo.PlaywrightTests", "tests\Saucedemo.PlaywrightTests\Saucedemo.PlaywrightTests.csproj", "{A15CA32C-AA43-4BF0-8767-D0D9B88CACDD}"
EndProject
Project("{FAE04EC0-301F-11D3-BF4B-00C04F79EFBC}") = "ConsoleApp1", "ConsoleApp1\ConsoleApp1.csproj", "{DDB28109-150B-47F9-A45C-5E9B81E819A2}"
EndProject
Global
	GlobalSection(SolutionConfigurationPlatforms) = preSolution
		Debug|Any CPU = Debug|Any CPU
		Debug|x64 = Debug|x64
		Debug|x86 = Debug|x86
		Release|Any CPU = Release|Any CPU
		Release|x64 = Release|x64
		Release|x86 = Release|x86
	EndGlobalSection
	GlobalSection(ProjectConfigurationPlatforms) = postSolution
		{A15CA32C-AA43-4BF0-8767-D0D9B88CACDD}.Debug|Any CPU.ActiveCfg = Debug|Any CPU
		{A15CA32C-AA43-4BF0-8767-D0D9B88CACDD}.Debug|Any CPU.Build.0 = Debug|Any CPU
		{A15CA32C-AA43-4BF0-8767-D0D9B88CACDD}.Debug|x64.ActiveCfg = Debug|Any CPU
		{A15CA32C-AA43-4BF0-8767-D0D9B88CACDD}.Debug|x64.Build.0 = Debug|Any CPU
		{A15CA32C-AA43-4BF0-8767-D0D9B88CACDD}.Debug|x86.ActiveCfg = Debug|Any CPU
		{A15CA32C-AA43-4BF0-8767-D0D9B88CACDD}.Debug|x86.Build.0 = Debug|Any CPU
		{A15CA32C-AA43-4BF0-8767-D0D9B88CACDD}.Release|Any CPU.ActiveCfg = Release|Any CPU
		{A15CA32C-AA43-4BF0-8767-D0D9B88CACDD}.Release|Any CPU.Build.0 = Release|Any CPU
		{A15CA32C-AA43-4BF0-8767-D0D9B88CACDD}.Release|x64.ActiveCfg = Release|Any CPU
		{A15CA32C-AA43-4BF0-8767-D0D9B88CACDD}.Release|x64.Build.0 = Release|Any CPU
		{A15CA32C-AA43-4BF0-8767-D0D9B88CACDD}.Release|x86.ActiveCfg = Release|Any CPU
		{A15CA32C-AA43-4BF0-8767-D0D9B88CACDD}.Release|x86.Build.0 = Release|Any CPU
		{DDB28109-150B-47F9-A45C-5E9B81E819A2}.Debug|Any CPU.ActiveCfg = Debug|Any CPU
		{DDB28109-150B-47F9-A45C-5E9B81E819A2}.Debug|Any CPU.Build.0 = Debug|Any CPU
		{DDB28109-150B-47F9-A45C-5E9B81E819A2}.Debug|x64.ActiveCfg = Debug|Any CPU
		{DDB28109-150B-47F9-A45C-5E9B81E819A2}.Debug|x64.Build.0 = Debug|Any CPU
		{DDB28109-150B-47F9-A45C-5E9B81E819A2}.Debug|x86.ActiveCfg = Debug|Any CPU
		{DDB28109-150B-47F9-A45C-5E9B81E819A2}.Debug|x86.Build.0 = Debug|Any CPU
		{DDB28109-150B-47F9-A45C-5E9B81E819A2}.Release|Any CPU.ActiveCfg = Release|Any CPU
		{DDB28109-150B-47F9-A45C-5E9B81E819A2}.Release|Any CPU.Build.0 = Release|Any CPU
		{DDB28109-150B-47F9-A45C-5E9B81E819A2}.Release|x64.ActiveCfg = Release|Any CPU
		{DDB28109-150B-47F9-A45C-5E9B81E819A2}.Release|x64.Build.0 = Release|Any CPU
		{DDB28109-150B-47F9-A45C-5E9B81E819A2}.Release|x86.ActiveCfg = Release|Any CPU
		{DDB28109-150B-47F9-A45C-5E9B81E819A2}.Release|x86.Build.0 = Release|Any CPU
	EndGlobalSection
	GlobalSection(SolutionProperties) = preSolution
		HideSolutionNode = FALSE
	EndGlobalSection
	GlobalSection(NestedProjects) = preSolution
		{A15CA32C-AA43-4BF0-8767-D0D9B88CACDD} = {0AB3BF05-4346-4AA6-1389-037BE0695223}
	EndGlobalSection
	GlobalSection(ExtensibilityGlobals) = postSolution
		SolutionGuid = {D697190B-E03C-4AAA-8418-957F0208505A}
	EndGlobalSection
EndGlobal
